
Microsoft Visual Studio Solution File, Format Version 12.00
# Visual Studio Version 16
VisualStudioVersion = 16.0.31729.503
MinimumVisualStudioVersion = 10.0.40219.1
Project("{FAE04EC0-301F-11D3-BF4B-00C04F79EFBC}") = "Annotation", "Annotation.csproj", "{7205B05B-6323-4A46-BA11-EA95AFD613CB}"
EndProject
Global
	GlobalSection(SolutionConfigurationPlatforms) = preSolution
		Debug|Any CPU = Debug|Any CPU
		Release|Any CPU = Release|Any CPU
	EndGlobalSection
	GlobalSection(ProjectConfigurationPlatforms) = postSolution
		{7205B05B-6323-4A46-BA11-EA95AFD613CB}.Debug|Any CPU.ActiveCfg = Debug|Any CPU
		{7205B05B-6323-4A46-BA11-EA95AFD613CB}.Debug|Any CPU.Build.0 = Debug|Any CPU
		{7205B05B-6323-4A46-BA11-EA95AFD613CB}.Release|Any CPU.ActiveCfg = Release|Any CPU
		{7205B05B-6323-4A46-BA11-EA95AFD613CB}.Release|Any CPU.Build.0 = Release|Any CPU
	EndGlobalSection
	GlobalSection(SolutionProperties) = preSolution
		HideSolutionNode = FALSE
	EndGlobalSection
	GlobalSection(ExtensibilityGlobals) = postSolution
		SolutionGuid = {5C0522EE-F235-45EB-9BA9-F5AE353EFCB8}
	EndGlobalSection
EndGlobal
